
Microsoft Visual Studio Solution File, Format Version 12.00
# Visual Studio 15
VisualStudioVersion = 15.0.26228.9
MinimumVisualStudioVersion = 10.0.40219.1
Project("{2150E333-8FDC-42A3-9474-1A3956D46DE8}") = "Libraries", "Libraries", "{02B112B1-9C1F-4C81-B4EC-8042A6B18463}"
EndProject
Project("{2150E333-8FDC-42A3-9474-1A3956D46DE8}") = "Programs", "Programs", "{3CB906CE-3D92-4FC3-8693-EA8BB77A9E2C}"
EndProject
Project("{2150E333-8FDC-42A3-9474-1A3956D46DE8}") = "Tests", "Tests", "{47182EBA-B279-4285-BA6A-ED492BE5A755}"
EndProject
Project("{8BC9CEB8-8B4A-11D0-8D11-00A0C91BC942}") = "WorldBuilder", "Apps\WorldBuilder\WorldBuilder.vcxproj", "{E2D7A4E1-1780-4D25-81B3-7F2B9F4F7203}"
	ProjectSection(ProjectDependencies) = postProject
		{D2AF6676-A5E4-4400-8E2B-FBBE7DD44377} = {D2AF6676-A5E4-4400-8E2B-FBBE7DD44377}
	EndProjectSection
EndProject
Project("{8BC9CEB8-8B4A-11D0-8D11-00A0C91BC942}") = "Base", "Libraries\Base\Base.vcxproj", "{DA67CC59-7A3B-41A8-B460-EE99B651F874}"
EndProject
Project("{8BC9CEB8-8B4A-11D0-8D11-00A0C91BC942}") = "Math", "Libraries\Math\Math.vcxproj", "{7BC92996-AEEB-49EA-A872-0FF78AF0684A}"
EndProject
Project("{8BC9CEB8-8B4A-11D0-8D11-00A0C91BC942}") = "TestBase", "Libraries\Base\TestBase\TestBase.vcxproj", "{6496CFAB-AB01-444C-B320-A77B3D8841EE}"
EndProject
Project("{8BC9CEB8-8B4A-11D0-8D11-00A0C91BC942}") = "TestMath", "Libraries\Math\TestMath\TestMath.vcxproj", "{222EFA87-F5B1-4646-968C-896BC55F8798}"
EndProject
Project("{2150E333-8FDC-42A3-9474-1A3956D46DE8}") = "External", "External", "{94205688-5215-427C-9E3A-40AB2F2CF931}"
EndProject
Project("{8BC9CEB8-8B4A-11D0-8D11-00A0C91BC942}") = "ImGui", "External\IMgui\ImGui\ImGui.vcxproj", "{D2AF6676-A5E4-4400-8E2B-FBBE7DD44377}"
EndProject
Global
	GlobalSection(SolutionConfigurationPlatforms) = preSolution
		Debug|x64 = Debug|x64
		Debug|x86 = Debug|x86
		Release|x64 = Release|x64
		Release|x86 = Release|x86
	EndGlobalSection
	GlobalSection(ProjectConfigurationPlatforms) = postSolution
		{E2D7A4E1-1780-4D25-81B3-7F2B9F4F7203}.Debug|x64.ActiveCfg = Debug|x64
		{E2D7A4E1-1780-4D25-81B3-7F2B9F4F7203}.Debug|x64.Build.0 = Debug|x64
		{E2D7A4E1-1780-4D25-81B3-7F2B9F4F7203}.Debug|x86.ActiveCfg = Debug|Win32
		{E2D7A4E1-1780-4D25-81B3-7F2B9F4F7203}.Debug|x86.Build.0 = Debug|Win32
		{E2D7A4E1-1780-4D25-81B3-7F2B9F4F7203}.Release|x64.ActiveCfg = Release|x64
		{E2D7A4E1-1780-4D25-81B3-7F2B9F4F7203}.Release|x64.Build.0 = Release|x64
		{E2D7A4E1-1780-4D25-81B3-7F2B9F4F7203}.Release|x86.ActiveCfg = Release|Win32
		{E2D7A4E1-1780-4D25-81B3-7F2B9F4F7203}.Release|x86.Build.0 = Release|Win32
		{DA67CC59-7A3B-41A8-B460-EE99B651F874}.Debug|x64.ActiveCfg = Debug|x64
		{DA67CC59-7A3B-41A8-B460-EE99B651F874}.Debug|x64.Build.0 = Debug|x64
		{DA67CC59-7A3B-41A8-B460-EE99B651F874}.Debug|x86.ActiveCfg = Debug|Win32
		{DA67CC59-7A3B-41A8-B460-EE99B651F874}.Debug|x86.Build.0 = Debug|Win32
		{DA67CC59-7A3B-41A8-B460-EE99B651F874}.Release|x64.ActiveCfg = Release|x64
		{DA67CC59-7A3B-41A8-B460-EE99B651F874}.Release|x64.Build.0 = Release|x64
		{DA67CC59-7A3B-41A8-B460-EE99B651F874}.Release|x86.ActiveCfg = Release|Win32
		{DA67CC59-7A3B-41A8-B460-EE99B651F874}.Release|x86.Build.0 = Release|Win32
		{7BC92996-AEEB-49EA-A872-0FF78AF0684A}.Debug|x64.ActiveCfg = Debug|x64
		{7BC92996-AEEB-49EA-A872-0FF78AF0684A}.Debug|x64.Build.0 = Debug|x64
		{7BC92996-AEEB-49EA-A872-0FF78AF0684A}.Debug|x86.ActiveCfg = Debug|Win32
		{7BC92996-AEEB-49EA-A872-0FF78AF0684A}.Debug|x86.Build.0 = Debug|Win32
		{7BC92996-AEEB-49EA-A872-0FF78AF0684A}.Release|x64.ActiveCfg = Release|x64
		{7BC92996-AEEB-49EA-A872-0FF78AF0684A}.Release|x64.Build.0 = Release|x64
		{7BC92996-AEEB-49EA-A872-0FF78AF0684A}.Release|x86.ActiveCfg = Release|Win32
		{7BC92996-AEEB-49EA-A872-0FF78AF0684A}.Release|x86.Build.0 = Release|Win32
		{6496CFAB-AB01-444C-B320-A77B3D8841EE}.Debug|x64.ActiveCfg = Debug|x64
		{6496CFAB-AB01-444C-B320-A77B3D8841EE}.Debug|x64.Build.0 = Debug|x64
		{6496CFAB-AB01-444C-B320-A77B3D8841EE}.Debug|x86.ActiveCfg = Debug|Win32
		{6496CFAB-AB01-444C-B320-A77B3D8841EE}.Debug|x86.Build.0 = Debug|Win32
		{6496CFAB-AB01-444C-B320-A77B3D8841EE}.Release|x64.ActiveCfg = Release|x64
		{6496CFAB-AB01-444C-B320-A77B3D8841EE}.Release|x64.Build.0 = Release|x64
		{6496CFAB-AB01-444C-B320-A77B3D8841EE}.Release|x86.ActiveCfg = Release|Win32
		{6496CFAB-AB01-444C-B320-A77B3D8841EE}.Release|x86.Build.0 = Release|Win32
		{222EFA87-F5B1-4646-968C-896BC55F8798}.Debug|x64.ActiveCfg = Debug|x64
		{222EFA87-F5B1-4646-968C-896BC55F8798}.Debug|x64.Build.0 = Debug|x64
		{222EFA87-F5B1-4646-968C-896BC55F8798}.Debug|x86.ActiveCfg = Debug|Win32
		{222EFA87-F5B1-4646-968C-896BC55F8798}.Debug|x86.Build.0 = Debug|Win32
		{222EFA87-F5B1-4646-968C-896BC55F8798}.Release|x64.ActiveCfg = Release|x64
		{222EFA87-F5B1-4646-968C-896BC55F8798}.Release|x64.Build.0 = Release|x64
		{222EFA87-F5B1-4646-968C-896BC55F8798}.Release|x86.ActiveCfg = Release|Win32
		{222EFA87-F5B1-4646-968C-896BC55F8798}.Release|x86.Build.0 = Release|Win32
		{D2AF6676-A5E4-4400-8E2B-FBBE7DD44377}.Debug|x64.ActiveCfg = Debug|x64
		{D2AF6676-A5E4-4400-8E2B-FBBE7DD44377}.Debug|x64.Build.0 = Debug|x64
		{D2AF6676-A5E4-4400-8E2B-FBBE7DD44377}.Debug|x86.ActiveCfg = Debug|Win32
		{D2AF6676-A5E4-4400-8E2B-FBBE7DD44377}.Debug|x86.Build.0 = Debug|Win32
		{D2AF6676-A5E4-4400-8E2B-FBBE7DD44377}.Release|x64.ActiveCfg = Release|x64
		{D2AF6676-A5E4-4400-8E2B-FBBE7DD44377}.Release|x64.Build.0 = Release|x64
		{D2AF6676-A5E4-4400-8E2B-FBBE7DD44377}.Release|x86.ActiveCfg = Release|Win32
		{D2AF6676-A5E4-4400-8E2B-FBBE7DD44377}.Release|x86.Build.0 = Release|Win32
	EndGlobalSection
	GlobalSection(SolutionProperties) = preSolution
		HideSolutionNode = FALSE
	EndGlobalSection
	GlobalSection(NestedProjects) = preSolution
		{E2D7A4E1-1780-4D25-81B3-7F2B9F4F7203} = {3CB906CE-3D92-4FC3-8693-EA8BB77A9E2C}
		{DA67CC59-7A3B-41A8-B460-EE99B651F874} = {02B112B1-9C1F-4C81-B4EC-8042A6B18463}
		{7BC92996-AEEB-49EA-A872-0FF78AF0684A} = {02B112B1-9C1F-4C81-B4EC-8042A6B18463}
		{6496CFAB-AB01-444C-B320-A77B3D8841EE} = {47182EBA-B279-4285-BA6A-ED492BE5A755}
		{222EFA87-F5B1-4646-968C-896BC55F8798} = {47182EBA-B279-4285-BA6A-ED492BE5A755}
		{D2AF6676-A5E4-4400-8E2B-FBBE7DD44377} = {94205688-5215-427C-9E3A-40AB2F2CF931}
	EndGlobalSection
EndGlobal
