
Microsoft Visual Studio Solution File, Format Version 12.00
# Visual Studio 15
VisualStudioVersion = 15.0.26228.9
MinimumVisualStudioVersion = 10.0.40219.1
Project("{8BC9CEB8-8B4A-11D0-8D11-00A0C91BC942}") = "Base", "Base.vcxproj", "{DA67CC59-7A3B-41A8-B460-EE99B651F874}"
EndProject
Project("{8BC9CEB8-8B4A-11D0-8D11-00A0C91BC942}") = "TestBase", "TestBase\TestBase.vcxproj", "{6496CFAB-AB01-444C-B320-A77B3D8841EE}"
EndProject
Global
	GlobalSection(SolutionConfigurationPlatforms) = preSolution
		Debug|x64 = Debug|x64
		Debug|x86 = Debug|x86
		MinSizeRel|x64 = MinSizeRel|x64
		MinSizeRel|x86 = MinSizeRel|x86
		Release|x64 = Release|x64
		Release|x86 = Release|x86
		RelWithDebInfo|x64 = RelWithDebInfo|x64
		RelWithDebInfo|x86 = RelWithDebInfo|x86
	EndGlobalSection
	GlobalSection(ProjectConfigurationPlatforms) = postSolution
		{DA67CC59-7A3B-41A8-B460-EE99B651F874}.Debug|x64.ActiveCfg = Debug|x64
		{DA67CC59-7A3B-41A8-B460-EE99B651F874}.Debug|x64.Build.0 = Debug|x64
		{DA67CC59-7A3B-41A8-B460-EE99B651F874}.Debug|x86.ActiveCfg = Debug|Win32
		{DA67CC59-7A3B-41A8-B460-EE99B651F874}.Debug|x86.Build.0 = Debug|Win32
		{DA67CC59-7A3B-41A8-B460-EE99B651F874}.MinSizeRel|x64.ActiveCfg = Release|x64
		{DA67CC59-7A3B-41A8-B460-EE99B651F874}.MinSizeRel|x64.Build.0 = Release|x64
		{DA67CC59-7A3B-41A8-B460-EE99B651F874}.MinSizeRel|x86.ActiveCfg = Release|Win32
		{DA67CC59-7A3B-41A8-B460-EE99B651F874}.MinSizeRel|x86.Build.0 = Release|Win32
		{DA67CC59-7A3B-41A8-B460-EE99B651F874}.Release|x64.ActiveCfg = Release|x64
		{DA67CC59-7A3B-41A8-B460-EE99B651F874}.Release|x64.Build.0 = Release|x64
		{DA67CC59-7A3B-41A8-B460-EE99B651F874}.Release|x86.ActiveCfg = Release|Win32
		{DA67CC59-7A3B-41A8-B460-EE99B651F874}.Release|x86.Build.0 = Release|Win32
		{DA67CC59-7A3B-41A8-B460-EE99B651F874}.RelWithDebInfo|x64.ActiveCfg = Release|x64
		{DA67CC59-7A3B-41A8-B460-EE99B651F874}.RelWithDebInfo|x64.Build.0 = Release|x64
		{DA67CC59-7A3B-41A8-B460-EE99B651F874}.RelWithDebInfo|x86.ActiveCfg = Release|Win32
		{DA67CC59-7A3B-41A8-B460-EE99B651F874}.RelWithDebInfo|x86.Build.0 = Release|Win32
		{6496CFAB-AB01-444C-B320-A77B3D8841EE}.Debug|x64.ActiveCfg = Debug|x64
		{6496CFAB-AB01-444C-B320-A77B3D8841EE}.Debug|x64.Build.0 = Debug|x64
		{6496CFAB-AB01-444C-B320-A77B3D8841EE}.Debug|x86.ActiveCfg = Debug|Win32
		{6496CFAB-AB01-444C-B320-A77B3D8841EE}.Debug|x86.Build.0 = Debug|Win32
		{6496CFAB-AB01-444C-B320-A77B3D8841EE}.MinSizeRel|x64.ActiveCfg = Release|x64
		{6496CFAB-AB01-444C-B320-A77B3D8841EE}.MinSizeRel|x64.Build.0 = Release|x64
		{6496CFAB-AB01-444C-B320-A77B3D8841EE}.MinSizeRel|x86.ActiveCfg = Release|Win32
		{6496CFAB-AB01-444C-B320-A77B3D8841EE}.MinSizeRel|x86.Build.0 = Release|Win32
		{6496CFAB-AB01-444C-B320-A77B3D8841EE}.Release|x64.ActiveCfg = Release|x64
		{6496CFAB-AB01-444C-B320-A77B3D8841EE}.Release|x64.Build.0 = Release|x64
		{6496CFAB-AB01-444C-B320-A77B3D8841EE}.Release|x86.ActiveCfg = Release|Win32
		{6496CFAB-AB01-444C-B320-A77B3D8841EE}.Release|x86.Build.0 = Release|Win32
		{6496CFAB-AB01-444C-B320-A77B3D8841EE}.RelWithDebInfo|x64.ActiveCfg = Release|x64
		{6496CFAB-AB01-444C-B320-A77B3D8841EE}.RelWithDebInfo|x64.Build.0 = Release|x64
		{6496CFAB-AB01-444C-B320-A77B3D8841EE}.RelWithDebInfo|x86.ActiveCfg = Release|Win32
		{6496CFAB-AB01-444C-B320-A77B3D8841EE}.RelWithDebInfo|x86.Build.0 = Release|Win32
	EndGlobalSection
	GlobalSection(SolutionProperties) = preSolution
		HideSolutionNode = FALSE
	EndGlobalSection
EndGlobal
